
Microsoft Visual Studio Solution File, Format Version 12.00
# Visual Studio Version 17
VisualStudioVersion = 17.7.34031.279
MinimumVisualStudioVersion = 10.0.40219.1
Project("{9A19103F-16F7-4668-BE54-9A1E7A4F7556}") = "SJRConstructions.Core", "SJRConstructions.Core\SJRConstructions.Core.csproj", "{FAFD0C48-06CA-4468-B7B3-CF5DBABAD005}"
EndProject
Project("{9A19103F-16F7-4668-BE54-9A1E7A4F7556}") = "SJRConstructions.Infrastructure", "SJRConstructions.Infrastructure\SJRConstructions.Infrastructure.csproj", "{D908B3F9-31D4-4A45-BF0E-C17AD1E18893}"
EndProject
Project("{9A19103F-16F7-4668-BE54-9A1E7A4F7556}") = "SJRConstructions.Web", "SJRConstructions.Web\SJRConstructions.Web.csproj", "{77F930DD-A4B9-40F5-ACBD-D7AF26C63E6A}"
EndProject
Global
	GlobalSection(SolutionConfigurationPlatforms) = preSolution
		Debug|Any CPU = Debug|Any CPU
		Release|Any CPU = Release|Any CPU
	EndGlobalSection
	GlobalSection(ProjectConfigurationPlatforms) = postSolution
		{FAFD0C48-06CA-4468-B7B3-CF5DBABAD005}.Debug|Any CPU.ActiveCfg = Debug|Any CPU
		{FAFD0C48-06CA-4468-B7B3-CF5DBABAD005}.Debug|Any CPU.Build.0 = Debug|Any CPU
		{FAFD0C48-06CA-4468-B7B3-CF5DBABAD005}.Release|Any CPU.ActiveCfg = Release|Any CPU
		{FAFD0C48-06CA-4468-B7B3-CF5DBABAD005}.Release|Any CPU.Build.0 = Release|Any CPU
		{D908B3F9-31D4-4A45-BF0E-C17AD1E18893}.Debug|Any CPU.ActiveCfg = Debug|Any CPU
		{D908B3F9-31D4-4A45-BF0E-C17AD1E18893}.Debug|Any CPU.Build.0 = Debug|Any CPU
		{D908B3F9-31D4-4A45-BF0E-C17AD1E18893}.Release|Any CPU.ActiveCfg = Release|Any CPU
		{D908B3F9-31D4-4A45-BF0E-C17AD1E18893}.Release|Any CPU.Build.0 = Release|Any CPU
		{77F930DD-A4B9-40F5-ACBD-D7AF26C63E6A}.Debug|Any CPU.ActiveCfg = Debug|Any CPU
		{77F930DD-A4B9-40F5-ACBD-D7AF26C63E6A}.Debug|Any CPU.Build.0 = Debug|Any CPU
		{77F930DD-A4B9-40F5-ACBD-D7AF26C63E6A}.Release|Any CPU.ActiveCfg = Release|Any CPU
		{77F930DD-A4B9-40F5-ACBD-D7AF26C63E6A}.Release|Any CPU.Build.0 = Release|Any CPU
	EndGlobalSection
	GlobalSection(SolutionProperties) = preSolution
		HideSolutionNode = FALSE
	EndGlobalSection
	GlobalSection(ExtensibilityGlobals) = postSolution
		SolutionGuid = {C5A8E1D5-F04C-485B-AAFE-9AB058CE4E8E}
	EndGlobalSection
EndGlobal
